
Microsoft Visual Studio Solution File, Format Version 12.00
# Visual Studio Version 17
VisualStudioVersion = 17.14.36327.8
MinimumVisualStudioVersion = 10.0.40219.1
Project("{2150E333-8FDC-42A3-9474-1A3956D46DE8}") = "Services", "Services", "{02EA681E-C7D8-13C7-8484-4AC65E1B71E8}"
EndProject
Project("{2150E333-8FDC-42A3-9474-1A3956D46DE8}") = "Frontend", "Frontend", "{004F3C1C-5383-4D00-B402-473BD64EEE16}"
EndProject
Project("{FAE04EC0-301F-11D3-BF4B-00C04F79EFBC}") = "MonoRepo.ProdutoAPI", "Services\MonoRepo.ProdutoAPI\MonoRepo.ProdutoAPI.csproj", "{97AC4D84-3C6A-4E32-B9A1-0150A2351493}"
EndProject
Project("{FAE04EC0-301F-11D3-BF4B-00C04F79EFBC}") = "MonoRepo.Web", "Frontend\MonoRepo.Web\MonoRepo.Web.csproj", "{BC68B425-DB1B-4C91-81D7-7F0A8F5B1E50}"
EndProject
Project("{2150E333-8FDC-42A3-9474-1A3956D46DE8}") = "Shared", "Shared", "{54E00D58-B87A-4BD6-8675-BF41487D75A1}"
EndProject
Project("{FAE04EC0-301F-11D3-BF4B-00C04F79EFBC}") = "MonoRepo.Shared", "Shared\MonoRepo.Shared\MonoRepo.Shared.csproj", "{5ED677DA-A698-4873-8EE7-6504FB87F7CD}"
EndProject
Project("{FAE04EC0-301F-11D3-BF4B-00C04F79EFBC}") = "MonoRepo.IdentityServer", "Services\MonoRepo.IdentityServer\MonoRepo.IdentityServer.csproj", "{0814B4A3-8E37-4347-A8A1-CFEF21EEA6ED}"
EndProject
Global
	GlobalSection(SolutionConfigurationPlatforms) = preSolution
		Debug|Any CPU = Debug|Any CPU
		Release|Any CPU = Release|Any CPU
	EndGlobalSection
	GlobalSection(ProjectConfigurationPlatforms) = postSolution
		{97AC4D84-3C6A-4E32-B9A1-0150A2351493}.Debug|Any CPU.ActiveCfg = Debug|Any CPU
		{97AC4D84-3C6A-4E32-B9A1-0150A2351493}.Debug|Any CPU.Build.0 = Debug|Any CPU
		{97AC4D84-3C6A-4E32-B9A1-0150A2351493}.Release|Any CPU.ActiveCfg = Release|Any CPU
		{97AC4D84-3C6A-4E32-B9A1-0150A2351493}.Release|Any CPU.Build.0 = Release|Any CPU
		{BC68B425-DB1B-4C91-81D7-7F0A8F5B1E50}.Debug|Any CPU.ActiveCfg = Debug|Any CPU
		{BC68B425-DB1B-4C91-81D7-7F0A8F5B1E50}.Debug|Any CPU.Build.0 = Debug|Any CPU
		{BC68B425-DB1B-4C91-81D7-7F0A8F5B1E50}.Release|Any CPU.ActiveCfg = Release|Any CPU
		{BC68B425-DB1B-4C91-81D7-7F0A8F5B1E50}.Release|Any CPU.Build.0 = Release|Any CPU
		{5ED677DA-A698-4873-8EE7-6504FB87F7CD}.Debug|Any CPU.ActiveCfg = Debug|Any CPU
		{5ED677DA-A698-4873-8EE7-6504FB87F7CD}.Debug|Any CPU.Build.0 = Debug|Any CPU
		{5ED677DA-A698-4873-8EE7-6504FB87F7CD}.Release|Any CPU.ActiveCfg = Release|Any CPU
		{5ED677DA-A698-4873-8EE7-6504FB87F7CD}.Release|Any CPU.Build.0 = Release|Any CPU
		{0814B4A3-8E37-4347-A8A1-CFEF21EEA6ED}.Debug|Any CPU.ActiveCfg = Debug|Any CPU
		{0814B4A3-8E37-4347-A8A1-CFEF21EEA6ED}.Debug|Any CPU.Build.0 = Debug|Any CPU
		{0814B4A3-8E37-4347-A8A1-CFEF21EEA6ED}.Release|Any CPU.ActiveCfg = Release|Any CPU
		{0814B4A3-8E37-4347-A8A1-CFEF21EEA6ED}.Release|Any CPU.Build.0 = Release|Any CPU
	EndGlobalSection
	GlobalSection(SolutionProperties) = preSolution
		HideSolutionNode = FALSE
	EndGlobalSection
	GlobalSection(NestedProjects) = preSolution
		{97AC4D84-3C6A-4E32-B9A1-0150A2351493} = {02EA681E-C7D8-13C7-8484-4AC65E1B71E8}
		{BC68B425-DB1B-4C91-81D7-7F0A8F5B1E50} = {004F3C1C-5383-4D00-B402-473BD64EEE16}
		{5ED677DA-A698-4873-8EE7-6504FB87F7CD} = {54E00D58-B87A-4BD6-8675-BF41487D75A1}
		{0814B4A3-8E37-4347-A8A1-CFEF21EEA6ED} = {02EA681E-C7D8-13C7-8484-4AC65E1B71E8}
	EndGlobalSection
	GlobalSection(ExtensibilityGlobals) = postSolution
		SolutionGuid = {D9B02F3E-B69E-4598-9A45-99F0767A3876}
	EndGlobalSection
EndGlobal
